
Microsoft Visual Studio Solution File, Format Version 12.00
# Visual Studio Version 16
VisualStudioVersion = 16.0.29418.71
MinimumVisualStudioVersion = 10.0.40219.1
Project("{FAE04EC0-301F-11D3-BF4B-00C04F79EFBC}") = "Airline Reservation System", "Airline Reservation System\Airline Reservation System.csproj", "{7D721C5E-EE9B-4920-9B02-61DB24A6EE09}"
EndProject
Global
	GlobalSection(SolutionConfigurationPlatforms) = preSolution
		Debug|Any CPU = Debug|Any CPU
		Release|Any CPU = Release|Any CPU
	EndGlobalSection
	GlobalSection(ProjectConfigurationPlatforms) = postSolution
		{7D721C5E-EE9B-4920-9B02-61DB24A6EE09}.Debug|Any CPU.ActiveCfg = Debug|Any CPU
		{7D721C5E-EE9B-4920-9B02-61DB24A6EE09}.Debug|Any CPU.Build.0 = Debug|Any CPU
		{7D721C5E-EE9B-4920-9B02-61DB24A6EE09}.Release|Any CPU.ActiveCfg = Release|Any CPU
		{7D721C5E-EE9B-4920-9B02-61DB24A6EE09}.Release|Any CPU.Build.0 = Release|Any CPU
	EndGlobalSection
	GlobalSection(SolutionProperties) = preSolution
		HideSolutionNode = FALSE
	EndGlobalSection
	GlobalSection(ExtensibilityGlobals) = postSolution
		SolutionGuid = {0E19527A-8F8C-43D8-B4B9-888A5106AFBC}
	EndGlobalSection
EndGlobal
